
Microsoft Visual Studio Solution File, Format Version 12.00
# Visual Studio Version 16
VisualStudioVersion = 16.0.30804.86
MinimumVisualStudioVersion = 10.0.40219.1
Project("{FAE04EC0-301F-11D3-BF4B-00C04F79EFBC}") = "LicenseKey", "LicenseKey.csproj", "{A1229B9D-F324-4E03-AF70-32F5C6E381F4}"
EndProject
Global
	GlobalSection(SolutionConfigurationPlatforms) = preSolution
		Debug|Any CPU = Debug|Any CPU
		Release|Any CPU = Release|Any CPU
	EndGlobalSection
	GlobalSection(ProjectConfigurationPlatforms) = postSolution
		{A1229B9D-F324-4E03-AF70-32F5C6E381F4}.Debug|Any CPU.ActiveCfg = Debug|Any CPU
		{A1229B9D-F324-4E03-AF70-32F5C6E381F4}.Debug|Any CPU.Build.0 = Debug|Any CPU
		{A1229B9D-F324-4E03-AF70-32F5C6E381F4}.Release|Any CPU.ActiveCfg = Release|Any CPU
		{A1229B9D-F324-4E03-AF70-32F5C6E381F4}.Release|Any CPU.Build.0 = Release|Any CPU
	EndGlobalSection
	GlobalSection(SolutionProperties) = preSolution
		HideSolutionNode = FALSE
	EndGlobalSection
	GlobalSection(ExtensibilityGlobals) = postSolution
		SolutionGuid = {16972A72-AB67-48FF-B0C3-1008A4FF83B6}
	EndGlobalSection
EndGlobal
